# @generated - this file is auto-generated by `mise lock` https://mise.jdx.dev/dev-tools/mise-lock.html

[[tools.bitwarden-secrets-manager]]
version = "2.0.0"
backend = "aqua:bitwarden/sdk-sm"

[tools.bitwarden-secrets-manager."platforms.linux-arm64"]
checksum = "sha256:49a250d4f3121c67155c195afbad4ced90a92a878c3256ca091276b82e7ad131"
url = "https://github.com/bitwarden/sdk-sm/releases/download/bws-v2.0.0/bws-aarch64-unknown-linux-gnu-2.0.0.zip"

[tools.bitwarden-secrets-manager."platforms.linux-arm64-musl"]
checksum = "sha256:49a250d4f3121c67155c195afbad4ced90a92a878c3256ca091276b82e7ad131"
url = "https://github.com/bitwarden/sdk-sm/releases/download/bws-v2.0.0/bws-aarch64-unknown-linux-gnu-2.0.0.zip"

[tools.bitwarden-secrets-manager."platforms.linux-x64"]
checksum = "sha256:a8340ce01da609200441f2eca0e591173e124f012c88a16afda574279c052013"
url = "https://github.com/bitwarden/sdk-sm/releases/download/bws-v2.0.0/bws-x86_64-unknown-linux-gnu-2.0.0.zip"

[tools.bitwarden-secrets-manager."platforms.linux-x64-musl"]
checksum = "sha256:a8340ce01da609200441f2eca0e591173e124f012c88a16afda574279c052013"
url = "https://github.com/bitwarden/sdk-sm/releases/download/bws-v2.0.0/bws-x86_64-unknown-linux-gnu-2.0.0.zip"

[tools.bitwarden-secrets-manager."platforms.macos-arm64"]
checksum = "sha256:5bbb43fcec75528c5d78e4dfdb22b6b368ecdff7020bcd853911564587f61f8a"
url = "https://github.com/bitwarden/sdk-sm/releases/download/bws-v2.0.0/bws-aarch64-apple-darwin-2.0.0.zip"

[tools.bitwarden-secrets-manager."platforms.macos-x64"]
checksum = "sha256:2f33fa7da3d7c3ee1838f3c5f3e8a47051e3fdb01c45701f6844fa0b344e92d1"
url = "https://github.com/bitwarden/sdk-sm/releases/download/bws-v2.0.0/bws-x86_64-apple-darwin-2.0.0.zip"

[tools.bitwarden-secrets-manager."platforms.windows-x64"]
checksum = "sha256:4284944f3b0c7b97a4d4105c715cd814c744ceff0405481a213937955e31d866"
url = "https://github.com/bitwarden/sdk-sm/releases/download/bws-v2.0.0/bws-x86_64-pc-windows-msvc-2.0.0.zip"

[[tools.cmake]]
version = "4.1.6"
backend = "aqua:Kitware/CMake"

[tools.cmake."platforms.linux-arm64"]
checksum = "sha256:8b3e3af8e4b4e95224a4490f4772adb7a512be34c8380fe76e7be003e0fd4394"
url = "https://github.com/Kitware/CMake/releases/download/v4.1.6/cmake-4.1.6-linux-aarch64.tar.gz"

[tools.cmake."platforms.linux-arm64-musl"]
checksum = "sha256:8b3e3af8e4b4e95224a4490f4772adb7a512be34c8380fe76e7be003e0fd4394"
url = "https://github.com/Kitware/CMake/releases/download/v4.1.6/cmake-4.1.6-linux-aarch64.tar.gz"

[tools.cmake."platforms.linux-x64"]
checksum = "sha256:d5c2e72820e01f1c3a07092d0a29e209263a7d22f55b4ad7f414ee870ae6b8e0"
url = "https://github.com/Kitware/CMake/releases/download/v4.1.6/cmake-4.1.6-linux-x86_64.tar.gz"

[tools.cmake."platforms.linux-x64-musl"]
checksum = "sha256:d5c2e72820e01f1c3a07092d0a29e209263a7d22f55b4ad7f414ee870ae6b8e0"
url = "https://github.com/Kitware/CMake/releases/download/v4.1.6/cmake-4.1.6-linux-x86_64.tar.gz"

[tools.cmake."platforms.macos-arm64"]
checksum = "sha256:7a91286ce968455d5121d566b2c7f9f30e9f384d3fd4f0a07032e38c3198d744"
url = "https://github.com/Kitware/CMake/releases/download/v4.1.6/cmake-4.1.6-macos-universal.tar.gz"

[tools.cmake."platforms.macos-x64"]
checksum = "sha256:7a91286ce968455d5121d566b2c7f9f30e9f384d3fd4f0a07032e38c3198d744"
url = "https://github.com/Kitware/CMake/releases/download/v4.1.6/cmake-4.1.6-macos-universal.tar.gz"

[tools.cmake."platforms.windows-x64"]
checksum = "sha256:d06278857a65a7a6cdd042c7f033d8a9fda67923fd6654e13296fa22186dca9e"
url = "https://github.com/Kitware/CMake/releases/download/v4.1.6/cmake-4.1.6-windows-x86_64.zip"

[[tools.dotnet]]
version = "10.0.202"
backend = "core:dotnet"

[[tools.node]]
version = "25.9.0"
backend = "core:node"

[tools.node."platforms.linux-arm64"]
checksum = "sha256:8fb4283301b8c720fc9f18bffff0f659e72cc14d0cf207a3bb411808aaa73a57"
url = "https://nodejs.org/dist/v25.9.0/node-v25.9.0-linux-arm64.tar.gz"

[tools.node."platforms.linux-arm64-musl"]
checksum = "sha256:8fb4283301b8c720fc9f18bffff0f659e72cc14d0cf207a3bb411808aaa73a57"
url = "https://nodejs.org/dist/v25.9.0/node-v25.9.0-linux-arm64.tar.gz"

[tools.node."platforms.linux-x64"]
checksum = "sha256:134e55b2408448a219760fe04dc44d6851f9de8a79549021ffd870e9082d9e7b"
url = "https://nodejs.org/dist/v25.9.0/node-v25.9.0-linux-x64.tar.gz"

[tools.node."platforms.linux-x64-musl"]
checksum = "sha256:134e55b2408448a219760fe04dc44d6851f9de8a79549021ffd870e9082d9e7b"
url = "https://nodejs.org/dist/v25.9.0/node-v25.9.0-linux-x64.tar.gz"

[tools.node."platforms.macos-arm64"]
checksum = "sha256:e479f3c469d3d9303a44f00a8ea37a3788395d171bb8059c48a4bbbd2e371b59"
url = "https://nodejs.org/dist/v25.9.0/node-v25.9.0-darwin-arm64.tar.gz"

[tools.node."platforms.macos-x64"]
checksum = "sha256:7d737b53ce191142bfa1c17cfa5b070d96e84eebf76b8dd06d84981cbdc3f7e3"
url = "https://nodejs.org/dist/v25.9.0/node-v25.9.0-darwin-x64.tar.gz"

[tools.node."platforms.windows-x64"]
checksum = "sha256:929552b8305effac843ba7b4270c437aefb702fc3fbd73fcd1bffd35d4ac284e"
url = "https://nodejs.org/dist/v25.9.0/node-v25.9.0-win-x64.zip"

[[tools.python]]
version = "3.14.4"
backend = "core:python"

[tools.python."platforms.linux-arm64"]
checksum = "sha256:b8b597fdb2f8dccdc502c11947b60a4b65eb6bce79cfa60c7ccf9b6e8352c60a"
url = "https://github.com/astral-sh/python-build-standalone/releases/download/20260414/cpython-3.14.4+20260414-aarch64-unknown-linux-gnu-install_only_stripped.tar.gz"
provenance = "github-attestations"

[tools.python."platforms.linux-arm64-musl"]
checksum = "sha256:b8b597fdb2f8dccdc502c11947b60a4b65eb6bce79cfa60c7ccf9b6e8352c60a"
url = "https://github.com/astral-sh/python-build-standalone/releases/download/20260414/cpython-3.14.4+20260414-aarch64-unknown-linux-gnu-install_only_stripped.tar.gz"
provenance = "github-attestations"

[tools.python."platforms.linux-x64"]
checksum = "sha256:fe9a9c32d13870af632cbac3dfc7528ae53597e94472aa4c7d6a42e8166136cd"
url = "https://github.com/astral-sh/python-build-standalone/releases/download/20260414/cpython-3.14.4+20260414-x86_64-unknown-linux-gnu-install_only_stripped.tar.gz"
provenance = "github-attestations"

[tools.python."platforms.linux-x64-musl"]
checksum = "sha256:fe9a9c32d13870af632cbac3dfc7528ae53597e94472aa4c7d6a42e8166136cd"
url = "https://github.com/astral-sh/python-build-standalone/releases/download/20260414/cpython-3.14.4+20260414-x86_64-unknown-linux-gnu-install_only_stripped.tar.gz"
provenance = "github-attestations"

[tools.python."platforms.macos-arm64"]
checksum = "sha256:6f304f4ec30854611f23316578302235fb517cd970519ecdd11a8c4db87fd843"
url = "https://github.com/astral-sh/python-build-standalone/releases/download/20260414/cpython-3.14.4+20260414-aarch64-apple-darwin-install_only_stripped.tar.gz"
provenance = "github-attestations"

[tools.python."platforms.macos-x64"]
checksum = "sha256:d51250a32fa5d9f0799c7bcb71720c27b10a3afd4a7de288120f96085d508a5a"
url = "https://github.com/astral-sh/python-build-standalone/releases/download/20260414/cpython-3.14.4+20260414-x86_64-apple-darwin-install_only_stripped.tar.gz"
provenance = "github-attestations"

[tools.python."platforms.windows-x64"]
checksum = "blake3:93a72ba9628f170e9025b285028ee217fb2cad69b9cb1dcd0d24d3945a08c0b0"
url = "https://github.com/astral-sh/python-build-standalone/releases/download/20260414/cpython-3.14.4+20260414-x86_64-pc-windows-msvc-install_only_stripped.tar.gz"
provenance = "github-attestations"

[[tools.yarn]]
version = "1.22.22"
backend = "vfox:mise-plugins/vfox-yarn"

[tools.yarn."platforms.linux-arm64"]
url = "https://classic.yarnpkg.com/downloads/1.22.22/yarn-v1.22.22.tar.gz"

[tools.yarn."platforms.linux-arm64-musl"]
url = "https://classic.yarnpkg.com/downloads/1.22.22/yarn-v1.22.22.tar.gz"

[tools.yarn."platforms.linux-x64"]
url = "https://classic.yarnpkg.com/downloads/1.22.22/yarn-v1.22.22.tar.gz"

[tools.yarn."platforms.linux-x64-musl"]
url = "https://classic.yarnpkg.com/downloads/1.22.22/yarn-v1.22.22.tar.gz"

[tools.yarn."platforms.macos-arm64"]
url = "https://classic.yarnpkg.com/downloads/1.22.22/yarn-v1.22.22.tar.gz"

[tools.yarn."platforms.macos-x64"]
url = "https://classic.yarnpkg.com/downloads/1.22.22/yarn-v1.22.22.tar.gz"

[tools.yarn."platforms.windows-x64"]
url = "https://classic.yarnpkg.com/downloads/1.22.22/yarn-v1.22.22.tar.gz"
